
Microsoft Visual Studio Solution File, Format Version 12.00
# Visual Studio Version 16
VisualStudioVersion = 16.0.29020.237
MinimumVisualStudioVersion = 10.0.40219.1
Project("{FAE04EC0-301F-11D3-BF4B-00C04F79EFBC}") = "DrinkPartyBillSplit.UWP", "DrinkPartyBillSplit\DrinkPartyBillSplit.UWP\DrinkPartyBillSplit.UWP.csproj", "{2680EF28-68D5-4180-8959-8727DC1A2A04}"
EndProject
Project("{FAE04EC0-301F-11D3-BF4B-00C04F79EFBC}") = "DrinkPartyBillSplit.Android", "DrinkPartyBillSplit\DrinkPartyBillSplit.Android\DrinkPartyBillSplit.Android.csproj", "{E2C32D84-1AA4-42E6-A8CD-004B077894A0}"
EndProject
Project("{FAE04EC0-301F-11D3-BF4B-00C04F79EFBC}") = "DrinkPartyBillSplit.iOS", "DrinkPartyBillSplit\DrinkPartyBillSplit.iOS\DrinkPartyBillSplit.iOS.csproj", "{D4624807-CDF7-4A5A-B71A-C461291B770F}"
EndProject
Project("{FAE04EC0-301F-11D3-BF4B-00C04F79EFBC}") = "DrinkPartyBillSplit", "DrinkPartyBillSplit\DrinkPartyBillSplit\DrinkPartyBillSplit.csproj", "{27BF4D70-D597-4E96-9BA1-ABD25CE5A221}"
EndProject
Global
	GlobalSection(SolutionConfigurationPlatforms) = preSolution
		Debug|Any CPU = Debug|Any CPU
		Debug|ARM = Debug|ARM
		Debug|iPhone = Debug|iPhone
		Debug|iPhoneSimulator = Debug|iPhoneSimulator
		Debug|x64 = Debug|x64
		Debug|x86 = Debug|x86
		Release|Any CPU = Release|Any CPU
		Release|ARM = Release|ARM
		Release|iPhone = Release|iPhone
		Release|iPhoneSimulator = Release|iPhoneSimulator
		Release|x64 = Release|x64
		Release|x86 = Release|x86
	EndGlobalSection
	GlobalSection(ProjectConfigurationPlatforms) = postSolution
		{2680EF28-68D5-4180-8959-8727DC1A2A04}.Debug|Any CPU.ActiveCfg = Debug|x86
		{2680EF28-68D5-4180-8959-8727DC1A2A04}.Debug|Any CPU.Build.0 = Debug|x86
		{2680EF28-68D5-4180-8959-8727DC1A2A04}.Debug|Any CPU.Deploy.0 = Debug|x86
		{2680EF28-68D5-4180-8959-8727DC1A2A04}.Debug|ARM.ActiveCfg = Debug|ARM
		{2680EF28-68D5-4180-8959-8727DC1A2A04}.Debug|ARM.Build.0 = Debug|ARM
		{2680EF28-68D5-4180-8959-8727DC1A2A04}.Debug|ARM.Deploy.0 = Debug|ARM
		{2680EF28-68D5-4180-8959-8727DC1A2A04}.Debug|iPhone.ActiveCfg = Debug|x86
		{2680EF28-68D5-4180-8959-8727DC1A2A04}.Debug|iPhone.Build.0 = Debug|x86
		{2680EF28-68D5-4180-8959-8727DC1A2A04}.Debug|iPhone.Deploy.0 = Debug|x86
		{2680EF28-68D5-4180-8959-8727DC1A2A04}.Debug|iPhoneSimulator.ActiveCfg = Debug|x86
		{2680EF28-68D5-4180-8959-8727DC1A2A04}.Debug|iPhoneSimulator.Build.0 = Debug|x86
		{2680EF28-68D5-4180-8959-8727DC1A2A04}.Debug|iPhoneSimulator.Deploy.0 = Debug|x86
		{2680EF28-68D5-4180-8959-8727DC1A2A04}.Debug|x64.ActiveCfg = Debug|x64
		{2680EF28-68D5-4180-8959-8727DC1A2A04}.Debug|x64.Build.0 = Debug|x64
		{2680EF28-68D5-4180-8959-8727DC1A2A04}.Debug|x64.Deploy.0 = Debug|x64
		{2680EF28-68D5-4180-8959-8727DC1A2A04}.Debug|x86.ActiveCfg = Debug|x86
		{2680EF28-68D5-4180-8959-8727DC1A2A04}.Debug|x86.Build.0 = Debug|x86
		{2680EF28-68D5-4180-8959-8727DC1A2A04}.Debug|x86.Deploy.0 = Debug|x86
		{2680EF28-68D5-4180-8959-8727DC1A2A04}.Release|Any CPU.ActiveCfg = Release|x86
		{2680EF28-68D5-4180-8959-8727DC1A2A04}.Release|Any CPU.Build.0 = Release|x86
		{2680EF28-68D5-4180-8959-8727DC1A2A04}.Release|Any CPU.Deploy.0 = Release|x86
		{2680EF28-68D5-4180-8959-8727DC1A2A04}.Release|ARM.ActiveCfg = Release|ARM
		{2680EF28-68D5-4180-8959-8727DC1A2A04}.Release|ARM.Build.0 = Release|ARM
		{2680EF28-68D5-4180-8959-8727DC1A2A04}.Release|ARM.Deploy.0 = Release|ARM
		{2680EF28-68D5-4180-8959-8727DC1A2A04}.Release|iPhone.ActiveCfg = Release|x86
		{2680EF28-68D5-4180-8959-8727DC1A2A04}.Release|iPhone.Build.0 = Release|x86
		{2680EF28-68D5-4180-8959-8727DC1A2A04}.Release|iPhone.Deploy.0 = Release|x86
		{2680EF28-68D5-4180-8959-8727DC1A2A04}.Release|iPhoneSimulator.ActiveCfg = Release|x86
		{2680EF28-68D5-4180-8959-8727DC1A2A04}.Release|iPhoneSimulator.Build.0 = Release|x86
		{2680EF28-68D5-4180-8959-8727DC1A2A04}.Release|iPhoneSimulator.Deploy.0 = Release|x86
		{2680EF28-68D5-4180-8959-8727DC1A2A04}.Release|x64.ActiveCfg = Release|x64
		{2680EF28-68D5-4180-8959-8727DC1A2A04}.Release|x64.Build.0 = Release|x64
		{2680EF28-68D5-4180-8959-8727DC1A2A04}.Release|x64.Deploy.0 = Release|x64
		{2680EF28-68D5-4180-8959-8727DC1A2A04}.Release|x86.ActiveCfg = Release|x86
		{2680EF28-68D5-4180-8959-8727DC1A2A04}.Release|x86.Build.0 = Release|x86
		{2680EF28-68D5-4180-8959-8727DC1A2A04}.Release|x86.Deploy.0 = Release|x86
		{E2C32D84-1AA4-42E6-A8CD-004B077894A0}.Debug|Any CPU.ActiveCfg = Debug|Any CPU
		{E2C32D84-1AA4-42E6-A8CD-004B077894A0}.Debug|Any CPU.Build.0 = Debug|Any CPU
		{E2C32D84-1AA4-42E6-A8CD-004B077894A0}.Debug|Any CPU.Deploy.0 = Debug|Any CPU
		{E2C32D84-1AA4-42E6-A8CD-004B077894A0}.Debug|ARM.ActiveCfg = Debug|Any CPU
		{E2C32D84-1AA4-42E6-A8CD-004B077894A0}.Debug|ARM.Build.0 = Debug|Any CPU
		{E2C32D84-1AA4-42E6-A8CD-004B077894A0}.Debug|ARM.Deploy.0 = Debug|Any CPU
		{E2C32D84-1AA4-42E6-A8CD-004B077894A0}.Debug|iPhone.ActiveCfg = Debug|Any CPU
		{E2C32D84-1AA4-42E6-A8CD-004B077894A0}.Debug|iPhone.Build.0 = Debug|Any CPU
		{E2C32D84-1AA4-42E6-A8CD-004B077894A0}.Debug|iPhone.Deploy.0 = Debug|Any CPU
		{E2C32D84-1AA4-42E6-A8CD-004B077894A0}.Debug|iPhoneSimulator.ActiveCfg = Debug|Any CPU
		{E2C32D84-1AA4-42E6-A8CD-004B077894A0}.Debug|iPhoneSimulator.Build.0 = Debug|Any CPU
		{E2C32D84-1AA4-42E6-A8CD-004B077894A0}.Debug|iPhoneSimulator.Deploy.0 = Debug|Any CPU
		{E2C32D84-1AA4-42E6-A8CD-004B077894A0}.Debug|x64.ActiveCfg = Debug|Any CPU
		{E2C32D84-1AA4-42E6-A8CD-004B077894A0}.Debug|x64.Build.0 = Debug|Any CPU
		{E2C32D84-1AA4-42E6-A8CD-004B077894A0}.Debug|x64.Deploy.0 = Debug|Any CPU
		{E2C32D84-1AA4-42E6-A8CD-004B077894A0}.Debug|x86.ActiveCfg = Debug|Any CPU
		{E2C32D84-1AA4-42E6-A8CD-004B077894A0}.Debug|x86.Build.0 = Debug|Any CPU
		{E2C32D84-1AA4-42E6-A8CD-004B077894A0}.Debug|x86.Deploy.0 = Debug|Any CPU
		{E2C32D84-1AA4-42E6-A8CD-004B077894A0}.Release|Any CPU.ActiveCfg = Release|Any CPU
		{E2C32D84-1AA4-42E6-A8CD-004B077894A0}.Release|Any CPU.Build.0 = Release|Any CPU
		{E2C32D84-1AA4-42E6-A8CD-004B077894A0}.Release|Any CPU.Deploy.0 = Release|Any CPU
		{E2C32D84-1AA4-42E6-A8CD-004B077894A0}.Release|ARM.ActiveCfg = Release|Any CPU
		{E2C32D84-1AA4-42E6-A8CD-004B077894A0}.Release|ARM.Build.0 = Release|Any CPU
		{E2C32D84-1AA4-42E6-A8CD-004B077894A0}.Release|ARM.Deploy.0 = Release|Any CPU
		{E2C32D84-1AA4-42E6-A8CD-004B077894A0}.Release|iPhone.ActiveCfg = Release|Any CPU
		{E2C32D84-1AA4-42E6-A8CD-004B077894A0}.Release|iPhone.Build.0 = Release|Any CPU
		{E2C32D84-1AA4-42E6-A8CD-004B077894A0}.Release|iPhone.Deploy.0 = Release|Any CPU
		{E2C32D84-1AA4-42E6-A8CD-004B077894A0}.Release|iPhoneSimulator.ActiveCfg = Release|Any CPU
		{E2C32D84-1AA4-42E6-A8CD-004B077894A0}.Release|iPhoneSimulator.Build.0 = Release|Any CPU
		{E2C32D84-1AA4-42E6-A8CD-004B077894A0}.Release|iPhoneSimulator.Deploy.0 = Release|Any CPU
		{E2C32D84-1AA4-42E6-A8CD-004B077894A0}.Release|x64.ActiveCfg = Release|Any CPU
		{E2C32D84-1AA4-42E6-A8CD-004B077894A0}.Release|x64.Build.0 = Release|Any CPU
		{E2C32D84-1AA4-42E6-A8CD-004B077894A0}.Release|x64.Deploy.0 = Release|Any CPU
		{E2C32D84-1AA4-42E6-A8CD-004B077894A0}.Release|x86.ActiveCfg = Release|Any CPU
		{E2C32D84-1AA4-42E6-A8CD-004B077894A0}.Release|x86.Build.0 = Release|Any CPU
		{E2C32D84-1AA4-42E6-A8CD-004B077894A0}.Release|x86.Deploy.0 = Release|Any CPU
		{D4624807-CDF7-4A5A-B71A-C461291B770F}.Debug|Any CPU.ActiveCfg = Debug|iPhone
		{D4624807-CDF7-4A5A-B71A-C461291B770F}.Debug|Any CPU.Build.0 = Debug|iPhone
		{D4624807-CDF7-4A5A-B71A-C461291B770F}.Debug|Any CPU.Deploy.0 = Debug|iPhone
		{D4624807-CDF7-4A5A-B71A-C461291B770F}.Debug|ARM.ActiveCfg = Debug|iPhoneSimulator
		{D4624807-CDF7-4A5A-B71A-C461291B770F}.Debug|ARM.Build.0 = Debug|iPhoneSimulator
		{D4624807-CDF7-4A5A-B71A-C461291B770F}.Debug|ARM.Deploy.0 = Debug|iPhoneSimulator
		{D4624807-CDF7-4A5A-B71A-C461291B770F}.Debug|iPhone.ActiveCfg = Debug|iPhone
		{D4624807-CDF7-4A5A-B71A-C461291B770F}.Debug|iPhone.Build.0 = Debug|iPhone
		{D4624807-CDF7-4A5A-B71A-C461291B770F}.Debug|iPhone.Deploy.0 = Debug|iPhone
		{D4624807-CDF7-4A5A-B71A-C461291B770F}.Debug|iPhoneSimulator.ActiveCfg = Debug|iPhoneSimulator
		{D4624807-CDF7-4A5A-B71A-C461291B770F}.Debug|iPhoneSimulator.Build.0 = Debug|iPhoneSimulator
		{D4624807-CDF7-4A5A-B71A-C461291B770F}.Debug|iPhoneSimulator.Deploy.0 = Debug|iPhoneSimulator
		{D4624807-CDF7-4A5A-B71A-C461291B770F}.Debug|x64.ActiveCfg = Debug|iPhone
		{D4624807-CDF7-4A5A-B71A-C461291B770F}.Debug|x64.Build.0 = Debug|iPhone
		{D4624807-CDF7-4A5A-B71A-C461291B770F}.Debug|x64.Deploy.0 = Debug|iPhone
		{D4624807-CDF7-4A5A-B71A-C461291B770F}.Debug|x86.ActiveCfg = Debug|iPhone
		{D4624807-CDF7-4A5A-B71A-C461291B770F}.Debug|x86.Build.0 = Debug|iPhone
		{D4624807-CDF7-4A5A-B71A-C461291B770F}.Debug|x86.Deploy.0 = Debug|iPhone
		{D4624807-CDF7-4A5A-B71A-C461291B770F}.Release|Any CPU.ActiveCfg = Release|iPhone
		{D4624807-CDF7-4A5A-B71A-C461291B770F}.Release|Any CPU.Build.0 = Release|iPhone
		{D4624807-CDF7-4A5A-B71A-C461291B770F}.Release|Any CPU.Deploy.0 = Release|iPhone
		{D4624807-CDF7-4A5A-B71A-C461291B770F}.Release|ARM.ActiveCfg = Release|iPhone
		{D4624807-CDF7-4A5A-B71A-C461291B770F}.Release|ARM.Build.0 = Release|iPhone
		{D4624807-CDF7-4A5A-B71A-C461291B770F}.Release|ARM.Deploy.0 = Release|iPhone
		{D4624807-CDF7-4A5A-B71A-C461291B770F}.Release|iPhone.ActiveCfg = Release|iPhone
		{D4624807-CDF7-4A5A-B71A-C461291B770F}.Release|iPhone.Build.0 = Release|iPhone
		{D4624807-CDF7-4A5A-B71A-C461291B770F}.Release|iPhone.Deploy.0 = Release|iPhone
		{D4624807-CDF7-4A5A-B71A-C461291B770F}.Release|iPhoneSimulator.ActiveCfg = Release|iPhoneSimulator
		{D4624807-CDF7-4A5A-B71A-C461291B770F}.Release|iPhoneSimulator.Build.0 = Release|iPhoneSimulator
		{D4624807-CDF7-4A5A-B71A-C461291B770F}.Release|iPhoneSimulator.Deploy.0 = Release|iPhoneSimulator
		{D4624807-CDF7-4A5A-B71A-C461291B770F}.Release|x64.ActiveCfg = Release|iPhone
		{D4624807-CDF7-4A5A-B71A-C461291B770F}.Release|x64.Build.0 = Release|iPhone
		{D4624807-CDF7-4A5A-B71A-C461291B770F}.Release|x64.Deploy.0 = Release|iPhone
		{D4624807-CDF7-4A5A-B71A-C461291B770F}.Release|x86.ActiveCfg = Release|iPhone
		{D4624807-CDF7-4A5A-B71A-C461291B770F}.Release|x86.Build.0 = Release|iPhone
		{D4624807-CDF7-4A5A-B71A-C461291B770F}.Release|x86.Deploy.0 = Release|iPhone
		{27BF4D70-D597-4E96-9BA1-ABD25CE5A221}.Debug|Any CPU.ActiveCfg = Debug|Any CPU
		{27BF4D70-D597-4E96-9BA1-ABD25CE5A221}.Debug|Any CPU.Build.0 = Debug|Any CPU
		{27BF4D70-D597-4E96-9BA1-ABD25CE5A221}.Debug|Any CPU.Deploy.0 = Debug|Any CPU
		{27BF4D70-D597-4E96-9BA1-ABD25CE5A221}.Debug|ARM.ActiveCfg = Debug|Any CPU
		{27BF4D70-D597-4E96-9BA1-ABD25CE5A221}.Debug|ARM.Build.0 = Debug|Any CPU
		{27BF4D70-D597-4E96-9BA1-ABD25CE5A221}.Debug|ARM.Deploy.0 = Debug|Any CPU
		{27BF4D70-D597-4E96-9BA1-ABD25CE5A221}.Debug|iPhone.ActiveCfg = Debug|Any CPU
		{27BF4D70-D597-4E96-9BA1-ABD25CE5A221}.Debug|iPhone.Build.0 = Debug|Any CPU
		{27BF4D70-D597-4E96-9BA1-ABD25CE5A221}.Debug|iPhone.Deploy.0 = Debug|Any CPU
		{27BF4D70-D597-4E96-9BA1-ABD25CE5A221}.Debug|iPhoneSimulator.ActiveCfg = Debug|Any CPU
		{27BF4D70-D597-4E96-9BA1-ABD25CE5A221}.Debug|iPhoneSimulator.Build.0 = Debug|Any CPU
		{27BF4D70-D597-4E96-9BA1-ABD25CE5A221}.Debug|iPhoneSimulator.Deploy.0 = Debug|Any CPU
		{27BF4D70-D597-4E96-9BA1-ABD25CE5A221}.Debug|x64.ActiveCfg = Debug|Any CPU
		{27BF4D70-D597-4E96-9BA1-ABD25CE5A221}.Debug|x64.Build.0 = Debug|Any CPU
		{27BF4D70-D597-4E96-9BA1-ABD25CE5A221}.Debug|x64.Deploy.0 = Debug|Any CPU
		{27BF4D70-D597-4E96-9BA1-ABD25CE5A221}.Debug|x86.ActiveCfg = Debug|Any CPU
		{27BF4D70-D597-4E96-9BA1-ABD25CE5A221}.Debug|x86.Build.0 = Debug|Any CPU
		{27BF4D70-D597-4E96-9BA1-ABD25CE5A221}.Debug|x86.Deploy.0 = Debug|Any CPU
		{27BF4D70-D597-4E96-9BA1-ABD25CE5A221}.Release|Any CPU.ActiveCfg = Release|Any CPU
		{27BF4D70-D597-4E96-9BA1-ABD25CE5A221}.Release|Any CPU.Build.0 = Release|Any CPU
		{27BF4D70-D597-4E96-9BA1-ABD25CE5A221}.Release|Any CPU.Deploy.0 = Release|Any CPU
		{27BF4D70-D597-4E96-9BA1-ABD25CE5A221}.Release|ARM.ActiveCfg = Release|Any CPU
		{27BF4D70-D597-4E96-9BA1-ABD25CE5A221}.Release|ARM.Build.0 = Release|Any CPU
		{27BF4D70-D597-4E96-9BA1-ABD25CE5A221}.Release|ARM.Deploy.0 = Release|Any CPU
		{27BF4D70-D597-4E96-9BA1-ABD25CE5A221}.Release|iPhone.ActiveCfg = Release|Any CPU
		{27BF4D70-D597-4E96-9BA1-ABD25CE5A221}.Release|iPhone.Build.0 = Release|Any CPU
		{27BF4D70-D597-4E96-9BA1-ABD25CE5A221}.Release|iPhone.Deploy.0 = Release|Any CPU
		{27BF4D70-D597-4E96-9BA1-ABD25CE5A221}.Release|iPhoneSimulator.ActiveCfg = Release|Any CPU
		{27BF4D70-D597-4E96-9BA1-ABD25CE5A221}.Release|iPhoneSimulator.Build.0 = Release|Any CPU
		{27BF4D70-D597-4E96-9BA1-ABD25CE5A221}.Release|iPhoneSimulator.Deploy.0 = Release|Any CPU
		{27BF4D70-D597-4E96-9BA1-ABD25CE5A221}.Release|x64.ActiveCfg = Release|Any CPU
		{27BF4D70-D597-4E96-9BA1-ABD25CE5A221}.Release|x64.Build.0 = Release|Any CPU
		{27BF4D70-D597-4E96-9BA1-ABD25CE5A221}.Release|x64.Deploy.0 = Release|Any CPU
		{27BF4D70-D597-4E96-9BA1-ABD25CE5A221}.Release|x86.ActiveCfg = Release|Any CPU
		{27BF4D70-D597-4E96-9BA1-ABD25CE5A221}.Release|x86.Build.0 = Release|Any CPU
		{27BF4D70-D597-4E96-9BA1-ABD25CE5A221}.Release|x86.Deploy.0 = Release|Any CPU
	EndGlobalSection
	GlobalSection(SolutionProperties) = preSolution
		HideSolutionNode = FALSE
	EndGlobalSection
	GlobalSection(ExtensibilityGlobals) = postSolution
		SolutionGuid = {CA0E9BC9-FBA7-4CA8-B49C-78DA93F09379}
	EndGlobalSection
EndGlobal
